{
  "name": "frontend",
  "version": "1.0.0",
  "lockfileVersion": 3,
  "requires": true,
  "packages": {
    "": {
      "name": "frontend",
      "version": "1.0.0",
      "license": "ISC",
      "dependencies": {
        "leaflet": "^1.9.4",
        "vue-leaflet": "^0.1.0",
        "vue-router": "^4.4.5"
      },
      "devDependencies": {
        "@vitejs/plugin-vue": "^6.0.1",
        "vite": "^7.1.3",
        "vue": "^3.5.20"
      }
    },
    "node_modules/@vitejs/plugin-vue": {
      "version": "6.0.1",
      "resolved": "https://registry.npmjs.org/@vitejs/plugin-vue/-/plugin-vue-6.0.1.tgz",
      "integrity": "sha512-OHplzqhKGFpKXnRgvQ3GWFdnyOL2qd9eOMqwxPB59ViZWVSWZJHYDKs/dKQnfYN9hQ0mhnyGfKpUc8zWEFfdrw==",
      "dev": true,
      "license": "MIT",
      "peerDependencies": {
        "vite": "^6.0.0 || ^7.0.0",
        "vue": "^3.2.25"
      }
    },
    "node_modules/leaflet": {
      "version": "1.9.4",
      "resolved": "https://registry.npmjs.org/leaflet/-/leaflet-1.9.4.tgz",
      "integrity": "sha512-nxS1ynzJOmOlHp+iL3FyWqK89GtNL8U8rvlMOsQdTTssxZwCXh8N2NB3GDQOL+YR3XnWyZAxwQixURb+FA74PA==",
      "license": "BSD-2-Clause"
    },
    "node_modules/vite": {
      "version": "7.1.3",
      "resolved": "https://registry.npmjs.org/vite/-/vite-7.1.3.tgz",
      "integrity": "sha512-ZbYz4FDSFbDrGb4MjW8jBdCe2GVHRS7I9+Tse5qyG55A3BdqwgI6PcGvKHGEP5LWfzT7mGHDiYJKJc0bpGjWVw==",
      "dev": true,
      "license": "MIT",
      "dependencies": {
        "rollup": "^4.24.4"
      },
      "bin": {
        "vite": "bin/vite.js"
      },
      "engines": {
        "node": "^18.0.0 || >=20.0.0"
      },
      "funding": {
        "url": "https://github.com/vitejs/vite?sponsor=1"
      }
    },
    "node_modules/vue": {
      "version": "3.5.20",
      "resolved": "https://registry.npmjs.org/vue/-/vue-3.5.20.tgz",
      "integrity": "sha512-tBjr4f+T/vshfWMk8SojBhNQxFZQVSiUPJ4aVKT/tR9u0m/T3KuZabNOUhf0jLc5WgU5LnO5+N/3/JWl5dvJpw==",
      "dev": true,
      "license": "MIT",
      "dependencies": {
        "@vue/compiler-dom": "3.5.20",
        "@vue/compiler-sfc": "3.5.20",
        "@vue/runtime-dom": "3.5.20",
        "@vue/server-renderer": "3.5.20",
        "@vue/shared": "3.5.20"
      },
      "peerDependencies": {
        "typescript": "*"
      }
    },
    "node_modules/vue-leaflet": {
      "version": "0.1.0",
      "resolved": "https://registry.npmjs.org/vue-leaflet/-/vue-leaflet-0.1.0.tgz",
      "integrity": "sha512-AZyKJ0pJ7c1F3F8MfO/z5sGXYJpeMZR5xD5HPeFmf5kPLBr1wMWlW2A4WL8mELgH5m4DzXKQ3+xQFGYNBOLlQ==",
      "license": "MIT",
      "peerDependencies": {
        "leaflet": "^1.0.0",
        "vue": "^3.0.0"
      }
    },
    "node_modules/vue-router": {
      "version": "4.4.5",
      "resolved": "https://registry.npmjs.org/vue-router/-/vue-router-4.4.5.tgz",
      "integrity": "sha512-4fKZygS8cH1yCyuabAXGUAsyi1b2/o/OKgu/RUb+znIYOxPRxdkytJEx+0wGcpBE1pX6vUgh5jwWOKRGvuA/7Q==",
      "license": "MIT",
      "dependencies": {
        "@vue/devtools-api": "^6.6.4"
      },
      "funding": {
        "url": "https://github.com/sponsors/posva"
      },
      "peerDependencies": {
        "vue": "^3.2.0"
      }
    }
  }
}