{
  "name": "frontend",
  "version": "1.0.0",
  "lockfileVersion": 3,
  "requires": true,
  "packages": {
    "": {
      "name": "frontend",
      "version": "1.0.0",
      "license": "ISC",
      "dependencies": {
        "leaflet": "^1.9.4",
        "vue-leaflet": "^0.1.0",
        "vue-router": "^4.4.5"
      },
      "devDependencies": {
        "@vitejs/plugin-vue": "^6.0.1",
        "vite": "^7.1.3",
        "vue": "^3.5.20"
      }
    },
    "node_modules/@babel/helper-string-parser": {
      "version": "7.27.1",
      "resolved": "https://registry.npmjs.org/@babel/helper-string-parser/-/helper-string-parser-7.27.1.tgz",
      "integrity": "sha512-5pTUx3hAJaZIdW99sJ6ZUUgWq/Y+Hja7TowEnLNMm1VivRgZQL3vpBY3qUACVsvw+yQU6+YgfBVmcbLaZtrA1w==",
      "dev": true,
      "license": "MIT",
      "engines": {
        "node": ">=6.9.0"
      }
    },
    "node_modules/@babel/helper-validator-identifier": {
      "version": "7.27.1",
      "resolved": "https://registry.npmjs.org/@babel/helper-validator-identifier/-/helper-validator-identifier-7.27.1.tgz",
      "integrity": "sha512-qQQLv6wylhNVi2OlLUgD7w0eqMGtCT+4XGXRT9kO3QUgYHKBOwqkW3MFLn1C7CJmJOxCU5HWXR4yDwcMj6JHQA==",
      "dev": true,
      "license": "MIT",
      "engines": {
        "node": ">=6.9.0"
      }
    },
    "node_modules/@babel/parser": {
      "version": "7.28.3",
      "resolved": "https://registry.npmjs.org/@babel/parser/-/parser-7.28.3.tgz",
      "integrity": "sha512-fM4qr2HYRXn6I30YVUOKRauoKbn0ZNGCr9fgCn45EQaQe9XJ+7FIH3mDGNEYe6CvNGnAXQaUu5w4OgDlEnTUxw==",
      "dev": true,
      "license": "MIT",
      "engines": {
        "node": ">=6.0.0"
      },
      "bin": {
        "parser": "bin/babel-parser.js"
      }
    },
    "node_modules/@babel/types": {
      "version": "7.28.2",
      "resolved": "https://registry.npmjs.org/@babel/types/-/types-7.28.2.tgz",
      "integrity": "sha512-aDQdHVT6eKu67OrmBqL6kNfLtjBAjvO6Y7HzJ7vY1ePBQOWKVZZNn6LMyQ4o5Gg8E6+1Fhv7uQTAKMfLCPzVrw==",
      "dev": true,
      "license": "MIT",
      "dependencies": {
        "@babel/helper-string-parser": "^7.27.1",
        "@babel/helper-validator-identifier": "^7.27.1"
      },
      "engines": {
        "node": ">=6.9.0"
      }
    },
    "node_modules/@jridgewell/sourcemap-codec": {
      "version": "1.5.5",
      "resolved": "https://registry.npmjs.org/@jridgewell/sourcemap-codec/-/sourcemap-codec-1.5.5.tgz",
      "integrity": "sha512-K03iQk1MlAKFhm1VVQ2tFy0Q3gTa3tRnr1YfPT8MgLCeMpZF5FPvagJttRWm7ypJFWJeQ8MnCd7qLIvdgJQ4hA==",
      "dev": true,
      "license": "MIT"
    },
    "node_modules/@rollup/rollup-android-arm-eabi": {
      "version": "4.50.0",
      "resolved": "https://registry.npmjs.org/@rollup/rollup-android-arm-eabi/-/rollup-android-arm-eabi-4.50.0.tgz",
      "integrity": "sha512-YAfkNRNL+fVMwPmGWXnkgYOd4Tk4egXkR3IkOx69Vk+Z5l2LKYCFZOyOg+DdYzNGsz+2F5wy6Z4DXHQ6zO4nYA==",
      "cpu": [
        "arm"
      ],
      "dev": true,
      "license": "MIT",
      "optional": true,
      "os": [
        "android"
      ]
    },
    "node_modules/@rollup/rollup-android-arm64": {
      "version": "4.50.0",
      "resolved": "https://registry.npmjs.org/@rollup/rollup-android-arm64/-/rollup-android-arm64-4.50.0.tgz",
      "integrity": "sha512-RrT8vKxEgD1rsBD7q8U/Xw9jjE9nCQRjYMGxpZC4QHHpAhYvVQQa3lbN7QKz5yYyPpHVvdCcbkzJWKMKQSTRRw==",
      "cpu": [
        "arm64"
      ],
      "dev": true,
      "license": "MIT",
      "optional": true,
      "os": [
        "android"
      ]
    },
    "node_modules/@rollup/rollup-darwin-arm64": {
      "version": "4.50.0",
      "resolved": "https://registry.npmjs.org/@rollup/rollup-darwin-arm64/-/rollup-darwin-arm64-4.50.0.tgz",
      "integrity": "sha512-LkdLGYT8A9RrABBBdY8WOGJxHBG5P6LJ9Yc9m7W1Ntz7gKNnHrxE2Yy6VkwZsZJaEOq0v+SVJ0V6cUy+tI3FA==",
      "cpu": [
        "arm64"
      ],
      "dev": true,
      "license": "MIT",
      "optional": true,
      "os": [
        "darwin"
      ]
    },
    "node_modules/@rollup/rollup-darwin-x64": {
      "version": "4.50.0",
      "resolved": "https://registry.npmjs.org/@rollup/rollup-darwin-x64/-/rollup-darwin-x64-4.50.0.tgz",
      "integrity": "sha512-3eKLHHLgk8hCy7F+W/6fH3Tg8fFLb+UMfXpUpT1x+9qNKcQjTqNj/RgXoE0AGVVEK5NWEiUL3xUdHB3JQKsryA==",
      "cpu": [
        "x64"
      ],
      "dev": true,
      "license": "MIT",
      "optional": true,
      "os": [
        "darwin"
      ]
    },
    "node_modules/@rollup/rollup-freebsd-arm64": {
      "version": "4.50.0",
      "resolved": "https://registry.npmjs.org/@rollup/rollup-freebsd-arm64/-/rollup-freebsd-arm64-4.50.0.tgz",
      "integrity": "sha512-7hhpYYOx0xOcuKLKBPQi5dIGGtJt+Rjp2f8N+IKRjYzGJe5m8aq8xvxtqyXMfJwSJZFDMnZj5EAa3oE2Ly5l0Q==",
      "cpu": [
        "arm64"
      ],
      "dev": true,
      "license": "MIT",
      "optional": true,
      "os": [
        "freebsd"
      ]
    },
    "node_modules/@rollup/rollup-freebsd-x64": {
      "version": "4.50.0",
      "resolved": "https://registry.npmjs.org/@rollup/rollup-freebsd-x64/-/rollup-freebsd-x64-4.50.0.tgz",
      "integrity": "sha512-WRZZKa+VRqJhKATWKBZpTq20OMwS/1Vw42hE4+8J0Hj1tWM6F8d0ZGnLg6JLRqEWEXZLCHy36uXo0h+j4O6Wkw==",
      "cpu": [
        "x64"
      ],
      "dev": true,
      "license": "MIT",
      "optional": true,
      "os": [
        "freebsd"
      ]
    },
    "node_modules/@rollup/rollup-linux-arm-gnueabihf": {
      "version": "4.50.0",
      "resolved": "https://registry.npmjs.org/@rollup/rollup-linux-arm-gnueabihf/-/rollup-linux-arm-gnueabihf-4.50.0.tgz",
      "integrity": "sha512-CY9TTjJRMJHdFJYF7z2J2N8RdXOQJ3MTDC9Y7yNYR5vWsQF0Z2SIl+t0wBiuBJpyNEwWxpGtR2e3lMv9Cw9VeQ==",
      "cpu": [
        "arm"
      ],
      "dev": true,
      "license": "MIT",
      "optional": true,
      "os": [
        "linux"
      ]
    },
    "node_modules/@rollup/rollup-linux-arm-musleabihf": {
      "version": "4.50.0",
      "resolved": "https://registry.npmjs.org/@rollup/rollup-linux-arm-musleabihf/-/rollup-linux-arm-musleabihf-4.50.0.tgz",
      "integrity": "sha512-9MHQOeM/L5MJW6fB1CG1oIMJl5VZHwQj8YxDJPzgYkrOHSIBz7bE5Lk8SJzP+4Kf3B7cWIgTwKm3twMRFJ2OxA==",
      "cpu": [
        "arm"
      ],
      "dev": true,
      "license": "MIT",
      "optional": true,
      "os": [
        "linux"
      ]
    },
    "node_modules/@rollup/rollup-linux-arm64-gnu": {
      "version": "4.50.0",
      "resolved": "https://registry.npmjs.org/@rollup/rollup-linux-arm64-gnu/-/rollup-linux-arm64-gnu-4.50.0.tgz",
      "integrity": "sha512-LcD54gVTGVBqFKpSf0+lOXtF5GW6LvNOgRGI5zDgTEMAl0FX4/gJz9LGBAjvwkYwL55RzFGcxTKKGOXVu7L6YA==",
      "cpu": [
        "arm64"
      ],
      "dev": true,
      "license": "MIT",
      "optional": true,
      "os": [
        "linux"
      ]
    },
    "node_modules/@rollup/rollup-linux-arm64-musl": {
      "version": "4.50.0",
      "resolved": "https://registry.npmjs.org/@rollup/rollup-linux-arm64-musl/-/rollup-linux-arm64-musl-4.50.0.tgz",
      "integrity": "sha512-Kxc8VbYLsQflLf6G7DUKgEyocgNBE8P9lJJ/e6SQQP8iqN9XzA+YFOwRwOmdI7WKP7Y+fKV4Jrc9G5YJFzCVxw==",
      "cpu": [
        "arm64"
      ],
      "dev": true,
      "license": "MIT",
      "optional": true,
      "os": [
        "linux"
      ]
    },
    "node_modules/@rollup/rollup-linux-loongarch64-gnu": {
      "version": "4.50.0",
      "resolved": "https://registry.npmjs.org/@rollup/rollup-linux-loongarch64-gnu/-/rollup-linux-loongarch64-gnu-4.50.0.tgz",
      "integrity": "sha512-5NeAIqH/4fSHtM7LfvqXyJhqD9BYpKO8C0vC0vK5xZ+I3ADYEE3Bq0pFhrhc1SYc0y4mYk0EKUgqd1mjKJKKZQ==",
      "cpu": [
        "loong64"
      ],
      "dev": true,
      "license": "MIT",
      "optional": true,
      "os": [
        "linux"
      ]
    },
    "node_modules/@rollup/rollup-linux-ppc64-gnu": {
      "version": "4.50.0",
      "resolved": "https://registry.npmjs.org/@rollup/rollup-linux-ppc64-gnu/-/rollup-linux-ppc64-gnu-4.50.0.tgz",
      "integrity": "sha512-1fxGS6W+ZhWl5A7/NlPqTFLJkLjQVjfTYZBKdqPPYlvHp4YOlvPINFyOqYu2tK4wOyE6FcYPEGOQreMdOYd4Cg==",
      "cpu": [
        "ppc64"
      ],
      "dev": true,
      "license": "MIT",
      "optional": true,
      "os": [
        "linux"
      ]
    },
    "node_modules/@rollup/rollup-linux-riscv64-gnu": {
      "version": "4.50.0",
      "resolved": "https://registry.npmjs.org/@rollup/rollup-linux-riscv64-gnu/-/rollup-linux-riscv64-gnu-4.50.0.tgz",
      "integrity": "sha512-FbqIgmhIBIQLhfGCE1xZA8PNgK4+WUOkdczgOH0UtFpX0ZePUvFPWvmcG8w9t6m9BNxjWkl5Ew3w+MvKjfGqsQ==",
      "cpu": [
        "riscv64"
      ],
      "dev": true,
      "license": "MIT",
      "optional": true,
      "os": [
        "linux"
      ]
    },
    "node_modules/@rollup/rollup-linux-riscv64-musl": {
      "version": "4.50.0",
      "resolved": "https://registry.npmjs.org/@rollup/rollup-linux-riscv64-musl/-/rollup-linux-riscv64-musl-4.50.0.tgz",
      "integrity": "sha512-eJ8y4sjb2HFNJ2AyqEP3cI1/nCj8qtPsKAVLLc7+Zb5a5r9FBKTSBmvpOWHZiGYKOgPGBCb5Bs9Jd/WjRtJ/bw==",
      "cpu": [
        "riscv64"
      ],
      "dev": true,
      "license": "MIT",
      "optional": true,
      "os": [
        "linux"
      ]
    },
    "node_modules/@rollup/rollup-linux-s390x-gnu": {
      "version": "4.50.0",
      "resolved": "https://registry.npmjs.org/@rollup/rollup-linux-s390x-gnu/-/rollup-linux-s390x-gnu-4.50.0.tgz",
      "integrity": "sha512-R9CXW2cOSJGRLAhxJxZEJJCJZ+4RjjlPLnFZRr5gGTmPIjQE8dUP8sELgdh8VJPUo8RZF+RjxV5r2R3dxu6bEA==",
      "cpu": [
        "s390x"
      ],
      "dev": true,
      "license": "MIT",
      "optional": true,
      "os": [
        "linux"
      ]
    },
    "node_modules/@rollup/rollup-linux-x64-gnu": {
      "version": "4.50.0",
      "resolved": "https://registry.npmjs.org/@rollup/rollup-linux-x64-gnu/-/rollup-linux-x64-gnu-4.50.0.tgz",
      "integrity": "sha512-SqERuCrGKC1hFZh1zGqG/Oq0Ux5oTgVqhv2L6QnW38hsj0FpSC6FYJ6bqH9+RJqKNdKjPIH8K7yNf1eCOAgHJA==",
      "cpu": [
        "x64"
      ],
      "dev": true,
      "license": "MIT",
      "optional": true,
      "os": [
        "linux"
      ]
    },
    "node_modules/@rollup/rollup-linux-x64-musl": {
      "version": "4.50.0",
      "resolved": "https://registry.npmjs.org/@rollup/rollup-linux-x64-musl/-/rollup-linux-x64-musl-4.50.0.tgz",
      "integrity": "sha512-FVgzk3xMnPmrYOHGJJWpJ9khfcdBaVF59Sp6lnC7BPWwn8T6I4RHqPRsj6dxMYOAWmVVZF1k3qsOykdALVpKQA==",
      "cpu": [
        "x64"
      ],
      "dev": true,
      "license": "MIT",
      "optional": true,
      "os": [
        "linux"
      ]
    },
    "node_modules/@rollup/rollup-openharmony-arm64": {
      "version": "4.50.0",
      "resolved": "https://registry.npmjs.org/@rollup/rollup-openharmony-arm64/-/rollup-openharmony-arm64-4.50.0.tgz",
      "integrity": "sha512-TDcmG7BZWjh5Bl6HpJfgdOKhd6kHjr2xZWpFq0D6Pb4/oTmr8KuO2A2wKO7aqnB4yZGVtPrLqvlKGHg4VNrCGQ==",
      "cpu": [
        "arm64"
      ],
      "dev": true,
      "license": "MIT",
      "optional": true,
      "os": [
        "openharmony"
      ]
    },
    "node_modules/@rollup/rollup-win32-arm64-msvc": {
      "version": "4.50.0",
      "resolved": "https://registry.npmjs.org/@rollup/rollup-win32-arm64-msvc/-/rollup-win32-arm64-msvc-4.50.0.tgz",
      "integrity": "sha512-dMz9u2ePuqSNDOJBbGzKzLdkzz1G3oJF/4q4xNpD3Kx5K37Ic4xPOEYJG/Mc+FKFMLsDbXZl6BRaFmYZV4c9Xw==",
      "cpu": [
        "arm64"
      ],
      "dev": true,
      "license": "MIT",
      "optional": true,
      "os": [
        "win32"
      ]
    },
    "node_modules/@rollup/rollup-win32-ia32-msvc": {
      "version": "4.50.0",
      "resolved": "https://registry.npmjs.org/@rollup/rollup-win32-ia32-msvc/-/rollup-win32-ia32-msvc-4.50.0.tgz",
      "integrity": "sha512-GDL3F1VhTrAWe+6YUyiTRYNAh3EqsQ+QNRH1B8nfwHIjr7JA3F4UwLAzVU5lkLwUJNEYQnx3Q6D6x2W7U+a1rw==",
      "cpu": [
        "ia32"
      ],
      "dev": true,
      "license": "MIT",
      "optional": true,
      "os": [
        "win32"
      ]
    },
    "node_modules/@rollup/rollup-win32-x64-msvc": {
      "version": "4.50.0",
      "resolved": "https://registry.npmjs.org/@rollup/rollup-win32-x64-msvc/-/rollup-win32-x64-msvc-4.50.0.tgz",
      "integrity": "sha512-Gt4dH0V/hMcj7TQnKJ4EhJH8JZg8GrH31kKl4Zy5NzOFgzD5aBKPxIjEELPGp32GfTZtjz9xkHBCf7pKvjc+g==",
      "cpu": [
        "x64"
      ],
      "dev": true,
      "license": "MIT",
      "optional": true,
      "os": [
        "win32"
      ]
    },
    "node_modules/@types/estree": {
      "version": "1.0.8",
      "resolved": "https://registry.npmjs.org/@types/estree/-/estree-1.0.8.tgz",
      "integrity": "sha512-XJkBAVzLAqGlB9E9YWpMAhCQLj8ZWzfJFHQ6QXTL3e5kJWB7Q7V1YxAGqtKz3N2kwtK9zDbgNgk2oNPEJ3vZGA==",
      "dev": true,
      "license": "MIT"
    },
    "node_modules/@vitejs/plugin-vue": {
      "version": "6.0.1",
      "resolved": "https://registry.npmjs.org/@vitejs/plugin-vue/-/plugin-vue-6.0.1.tgz",
      "integrity": "sha512-OHplzqhKGFpKXnRgvQ3GWFdnyOL2qd9eOMqwxPB59ViZWVSWZJHYDKs/dKQnfYN9hQ0mhnyGfKpUc8zWEFfdrw==",
      "dev": true,
      "license": "MIT",
      "peerDependencies": {
        "vite": "^6.0.0 || ^7.0.0",
        "vue": "^3.2.25"
      }
    },
    "node_modules/@vue/compiler-core": {
      "version": "3.5.20",
      "resolved": "https://registry.npmjs.org/@vue/compiler-core/-/compiler-core-3.5.20.tgz",
      "integrity": "sha512-K9ZfWfn4jYlKFzGYcr5ynRQCx5WjzBWGnWwl3ngQqH7llCmcBj2ZdZEBJcBm7HJ0QLM/qGRO3rCGNr/ZLaZ4Vw==",
      "dev": true,
      "license": "MIT",
      "dependencies": {
        "@babel/parser": "^7.25.8",
        "@vue/shared": "3.5.20",
        "entities": "^4.5.0",
        "estree-walker": "^2.0.2",
        "source-map-js": "^1.2.1"
      }
    },
    "node_modules/@vue/compiler-dom": {
      "version": "3.5.20",
      "resolved": "https://registry.npmjs.org/@vue/compiler-dom/-/compiler-dom-3.5.20.tgz",
      "integrity": "sha512-PSTi4UbDe7FE9LoLEayXoM1Xqe2FQbO+0AFzGlPVogtZhEg1aq0yHQhmOoLPo+9zqE1CwW9iqVBXP2iYQVDFbQ==",
      "dev": true,
      "license": "MIT",
      "dependencies": {
        "@vue/compiler-core": "3.5.20",
        "@vue/shared": "3.5.20"
      }
    },
    "node_modules/@vue/compiler-sfc": {
      "version": "3.5.20",
      "resolved": "https://registry.npmjs.org/@vue/compiler-sfc/-/compiler-sfc-3.5.20.tgz",
      "integrity": "sha512-WrUBE/SWVTI8KHWb6A+LhPnLSJrkkwXdhx0wgcLLk8Md4qPfnszGZQhq6EcKx7YMgWRSO1D7WPdl3dpWr2qJPQ==",
      "dev": true,
      "license": "MIT",
      "dependencies": {
        "@babel/parser": "^7.25.8",
        "@vue/compiler-core": "3.5.20",
        "@vue/compiler-dom": "3.5.20",
        "@vue/compiler-ssr": "3.5.20",
        "@vue/shared": "3.5.20",
        "estree-walker": "^2.0.2",
        "magic-string": "^0.30.12",
        "postcss": "^8.5.6",
        "source-map-js": "^1.2.1"
      }
    },
    "node_modules/@vue/compiler-ssr": {
      "version": "3.5.20",
      "resolved": "https://registry.npmjs.org/@vue/compiler-ssr/-/compiler-ssr-3.5.20.tgz",
      "integrity": "sha512-u6GV8OJi8HN0F8YCVwlD/7klyoTvfWCsyKNrFrCUX4ATOJtyc6Y4yTfvWCa1HGzqjC5Y3qKRlrCZJuTN0v3cUw==",
      "dev": true,
      "license": "MIT",
      "dependencies": {
        "@vue/compiler-dom": "3.5.20",
        "@vue/shared": "3.5.20"
      }
    },
    "node_modules/@vue/devtools-api": {
      "version": "6.6.4",
      "resolved": "https://registry.npmjs.org/@vue/devtools-api/-/devtools-api-6.6.4.tgz",
      "integrity": "sha512-2E1+J2zBVArv2LhPQyWKE4JqE4CKa5xJl9H7j5W7B1BU6mZzzKFJ3fULLlTKwOSQLV1HGoGkf7/I8QXJZ/Cj9Q==",
      "license": "MIT"
    },
    "node_modules/@vue/reactivity": {
      "version": "3.5.20",
      "resolved": "https://registry.npmjs.org/@vue/reactivity/-/reactivity-3.5.20.tgz",
      "integrity": "sha512-yzO8+eQT4lWN+3fSH+r3a2HhvWlZH7BSRX+4g4aMIvP5fCRlJDhpv4CBlTnEMvQPQZV60/fSh6o2x4f+CHnUEw==",
      "dev": true,
      "license": "MIT",
      "dependencies": {
        "@vue/shared": "3.5.20"
      }
    },
    "node_modules/@vue/runtime-core": {
      "version": "3.5.20",
      "resolved": "https://registry.npmjs.org/@vue/runtime-core/-/runtime-core-3.5.20.tgz",
      "integrity": "sha512-pWeXq8CCNdVl2iVAGnkPOGKcfZ1mVgkm6UfwGMGnE5HT5CTBV0/A7L7d1wTK7gS4p1lJ1nJt7fwgjnOcAqN8mA==",
      "dev": true,
      "license": "MIT",
      "dependencies": {
        "@vue/reactivity": "3.5.20",
        "@vue/shared": "3.5.20"
      }
    },
    "node_modules/@vue/runtime-dom": {
      "version": "3.5.20",
      "resolved": "https://registry.npmjs.org/@vue/runtime-dom/-/runtime-dom-3.5.20.tgz",
      "integrity": "sha512-SY85JGRx1r+7LsOXCTcWTkKr34pRqd1xWn0O5eYKVYGILHx9SdVdNR6Lh/9C5qEGKCUIUZZ3e7TJAhCj8QWLQQ==",
      "dev": true,
      "license": "MIT",
      "dependencies": {
        "@vue/reactivity": "3.5.20",
        "@vue/runtime-core": "3.5.20",
        "@vue/shared": "3.5.20",
        "csstype": "^3.1.3"
      }
    },
    "node_modules/@vue/server-renderer": {
      "version": "3.5.20",
      "resolved": "https://registry.npmjs.org/@vue/server-renderer/-/server-renderer-3.5.20.tgz",
      "integrity": "sha512-COZHwGklElfHBwwrJYQtFFLcGhJdLWi6+N3Ps4lUf06PDJUwaBUpPqFhlO1eEzwMbLQAQdAM8Yjd8bWZjF9d1A==",
      "dev": true,
      "license": "MIT",
      "dependencies": {
        "@vue/compiler-ssr": "3.5.20",
        "@vue/shared": "3.5.20"
      },
      "peerDependencies": {
        "vue": "3.5.20"
      }
    },
    "node_modules/@vue/shared": {
      "version": "3.5.20",
      "resolved": "https://registry.npmjs.org/@vue/shared/-/shared-3.5.20.tgz",
      "integrity": "sha512-XXd0yG3MrKTiebI4dAGOU7ZQyGd/4HnF2SJ5+BIB0O6vB8Ebzu1Z4qd+eQrGM/2umCeIqhubH3J70MDBajq92Q==",
      "dev": true,
      "license": "MIT"
    },
    "node_modules/csstype": {
      "version": "3.1.3",
      "resolved": "https://registry.npmjs.org/csstype/-/csstype-3.1.3.tgz",
      "integrity": "sha512-M1uQkMl8rQK/szD0LNhtqxIPLpimGm8sOBwU7lLnCpSbTyY3yeU1rkPomahcI6t4nMx6mNyFbNuDMY4kHhqygw==",
      "dev": true,
      "license": "MIT"
    },
    "node_modules/entities": {
      "version": "4.5.0",
      "resolved": "https://registry.npmjs.org/entities/-/entities-4.5.0.tgz",
      "integrity": "sha512-V0hjH4dGPh9Ao5p0MoRY6BVqtwCjhz6vI5LT8AJ55H+4g9/4vbHx1I54fS0XuclLhDHArPQCiMjDxjaL8fPxhw==",
      "dev": true,
      "license": "BSD-2-Clause",
      "engines": {
        "node": ">=0.12"
      },
      "funding": {
        "url": "https://github.com/fb55/entities?sponsor=1"
      }
    },
    "node_modules/estree-walker": {
      "version": "2.0.2",
      "resolved": "https://registry.npmjs.org/estree-walker/-/estree-walker-2.0.2.tgz",
      "integrity": "sha512-Rfkk/Mp/DL7JVje3u18FxFujQlTNR2q6QfMSMB7AvCBx91NGj/ba3kCfza0f6dVDbw7YlRf/nDrn7pQrCCyQ/w==",
      "dev": true,
      "license": "MIT"
    },
    "node_modules/fsevents": {
      "version": "2.3.3",
      "resolved": "https://registry.npmjs.org/fsevents/-/fsevents-2.3.3.tgz",
      "integrity": "sha512-5xoDfX+fL7faATnagmWPpbFtwh/R77WmMMqqHGS65C3vvB0YHrgF+B1YmZ3441tMj5n63k0212XNoJwzlhffQw==",
      "dev": true,
      "hasInstallScript": true,
      "license": "MIT",
      "optional": true,
      "os": [
        "darwin"
      ],
      "engines": {
        "node": "^8.16.0 || ^10.6.0 || >=11.0.0"
      }
    },
    "node_modules/leaflet": {
      "version": "1.9.4",
      "resolved": "https://registry.npmjs.org/leaflet/-/leaflet-1.9.4.tgz",
      "integrity": "sha512-nxS1ynzJOmOlHp+iL3FyWqK89GtNL8U8rvlMOsQdTTssxZwCXh8N2NB3GDQOL+YR3XnWyZAxwQixURb+FA74PA==",
      "license": "BSD-2-Clause"
    },
    "node_modules/magic-string": {
      "version": "0.30.18",
      "resolved": "https://registry.npmjs.org/magic-string/-/magic-string-0.30.18.tgz",
      "integrity": "sha512-JVDz4Sp2NqOgpjNgGvkFbOu7LCR6WV8CXKy/i4BzEpOBj3+XnwzXk8J9bRKNEKwTaXsyylzaWtFv2yN6qCX2qg==",
      "dev": true,
      "license": "MIT",
      "dependencies": {
        "@jridgewell/sourcemap-codec": "^1.5.0"
      }
    },
    "node_modules/nanoid": {
      "version": "3.3.11",
      "resolved": "https://registry.npmjs.org/nanoid/-/nanoid-3.3.11.tgz",
      "integrity": "sha512-Ga8FJPO5d0X+CqHCHXrUWvKe+fj3gFMHj5JY8/X+xE+Dqnn5OJ7q0e+ZVf7a0QW8Yt7f2gOPY4a0yEuZN9fWXQ==",
      "dev": true,
      "funding": [
        {
          "type": "github",
          "url": "https://github.com/sponsors/ai"
        }
      ],
      "license": "MIT",
      "bin": {
        "nanoid": "bin/nanoid.cjs"
      },
      "engines": {
        "node": "^10 || ^12 || ^13.7 || ^14 || >=15.0.1"
      }
    },
    "node_modules/picocolors": {
      "version": "1.1.1",
      "resolved": "https://registry.npmjs.org/picocolors/-/picocolors-1.1.1.tgz",
      "integrity": "sha512-xceH2snhtb5M9liqDsmEw56le376mTZkEX/jEb/RxNFyegNul7eNslCXP9FDj/Lcu0X8KEyMceP2ntpaHrDEVA==",
      "dev": true,
      "license": "ISC"
    },
    "node_modules/postcss": {
      "version": "8.5.6",
      "resolved": "https://registry.npmjs.org/postcss/-/postcss-8.5.6.tgz",
      "integrity": "sha512-I4DKhnf4/T3trtB6YjIBtB9/0Pev+dS9VD8xIJPcb7vwxJI+8NHfkuUBkTRN6a9k7Vt7yUqPCdmJ7NPVK0Kv7A==",
      "dev": true,
      "funding": [
        {
          "type": "opencollective",
          "url": "https://opencollective.com/postcss/"
        },
        {
          "type": "tidelift",
          "url": "https://tidelift.com/funding/github/npm/postcss"
        },
        {
          "type": "github",
          "url": "https://github.com/sponsors/ai"
        }
      ],
      "license": "MIT",
      "dependencies": {
        "nanoid": "^3.5.5",
        "picocolors": "^1.1.1",
        "source-map-js": "^1.2.1"
      },
      "engines": {
        "node": "^10 || ^12 || >=14"
      }
    },
    "node_modules/rollup": {
      "version": "4.50.0",
      "resolved": "https://registry.npmjs.org/rollup/-/rollup-4.50.0.tgz",
      "integrity": "sha512-m5GnobzYrTlqNNGhSJSWTMpvjL5QWbFEVV82/ZiHFvBJ5bYRNJL+jdXO4+6ncUcLPgHO8kRJ8B+8W4NnMeXk4w==",
      "dev": true,
      "license": "MIT",
      "dependencies": {
        "@types/estree": "1.0.8"
      },
      "bin": {
        "rollup": "dist/bin/rollup"
      },
      "engines": {
        "node": ">=18.0.0",
        "npm": ">=8.0.0"
      },
      "optionalDependencies": {
        "@rollup/rollup-android-arm-eabi": "4.50.0",
        "@rollup/rollup-android-arm64": "4.50.0",
        "@rollup/rollup-darwin-arm64": "4.50.0",
        "@rollup/rollup-darwin-x64": "4.50.0",
        "@rollup/rollup-freebsd-arm64": "4.50.0",
        "@rollup/rollup-freebsd-x64": "4.50.0",
        "@rollup/rollup-linux-arm-gnueabihf": "4.50.0",
        "@rollup/rollup-linux-arm-musleabihf": "4.50.0",
        "@rollup/rollup-linux-arm64-gnu": "4.50.0",
        "@rollup/rollup-linux-arm64-musl": "4.50.0",
        "@rollup/rollup-linux-loongarch64-gnu": "4.50.0",
        "@rollup/rollup-linux-ppc64-gnu": "4.50.0",
        "@rollup/rollup-linux-riscv64-gnu": "4.50.0",
        "@rollup/rollup-linux-riscv64-musl": "4.50.0",
        "@rollup/rollup-linux-s390x-gnu": "4.50.0",
        "@rollup/rollup-linux-x64-gnu": "4.50.0",
        "@rollup/rollup-linux-x64-musl": "4.50.0",
        "@rollup/rollup-openharmony-arm64": "4.50.0",
        "@rollup/rollup-win32-arm64-msvc": "4.50.0",
        "@rollup/rollup-win32-ia32-msvc": "4.50.0",
        "@rollup/rollup-win32-x64-msvc": "4.50.0",
        "fsevents": "~2.3.2"
      }
    },
    "node_modules/source-map-js": {
      "version": "1.2.1",
      "resolved": "https://registry.npmjs.org/source-map-js/-/source-map-js-1.2.1.tgz",
      "integrity": "sha512-UXWMKhLOwVKb728IUtQPXxfYU+usdybtUrK/8uGE8CQMvrhOpwvzDBwj0QhSL7MQc7vIsISBG8VQ8+IDQxpfQA==",
      "dev": true,
      "license": "BSD-3-Clause",
      "engines": {
        "node": ">=0.10.0"
      }
    },
    "node_modules/typescript": {
      "version": "5.9.2",
      "resolved": "https://registry.npmjs.org/typescript/-/typescript-5.9.2.tgz",
      "integrity": "sha512-D4Q4LZcJzPAiMVLr5syFyDvLHxXoqYjdCdpfmSbfXgwfLnYWMCE1JR9G+44KNXnUrEGEqhqhBpHhzGJBXIE7fQ==",
      "dev": true,
      "license": "Apache-2.0",
      "peer": true,
      "bin": {
        "tsc": "bin/tsc",
        "tsserver": "bin/tsserver"
      },
      "engines": {
        "node": ">=14.17"
      }
    },
    "node_modules/vite": {
      "version": "7.1.3",
      "resolved": "https://registry.npmjs.org/vite/-/vite-7.1.3.tgz",
      "integrity": "sha512-ZbYz4FDSFbDrGb4MjW8jBdCe2GVHRS7I9+Tse5qyG55A3BdqwgI6PcGvKHGEP5LWfzT7mGHDiYJKJc0bpGjWVw==",
      "dev": true,
      "license": "MIT",
      "dependencies": {
        "rollup": "^4.24.4"
      },
      "bin": {
        "vite": "bin/vite.js"
      },
      "engines": {
        "node": "^18.0.0 || >=20.0.0"
      },
      "funding": {
        "url": "https://github.com/vitejs/vite?sponsor=1"
      },
      "optionalDependencies": {
        "fsevents": "~2.3.3"
      },
      "peerDependencies": {
        "@types/node": "^18.0.0 || ^20.0.0 || >=22.0.0",
        "less": "*",
        "lightningcss": "^1.21.0",
        "sass": "*",
        "sass-embedded": "*",
        "stylus": "*",
        "sugarss": "*",
        "terser": "^5.16.0"
      },
      "peerDependenciesMeta": {
        "@types/node": {
          "optional": true
        },
        "less": {
          "optional": true
        },
        "lightningcss": {
          "optional": true
        },
        "sass": {
          "optional": true
        },
        "sass-embedded": {
          "optional": true
        },
        "stylus": {
          "optional": true
        },
        "sugarss": {
          "optional": true
        },
        "terser": {
          "optional": true
        }
      }
    },
    "node_modules/vue": {
      "version": "3.5.20",
      "resolved": "https://registry.npmjs.org/vue/-/vue-3.5.20.tgz",
      "integrity": "sha512-tBjr4f+T/vshfWMk8SojBhNQxFZQVSiUPJ4aVKT/tR9u0m/T3KuZabNOUhf0jLc5WgU5LnO5+N/3/JWl5dvJpw==",
      "dev": true,
      "license": "MIT",
      "dependencies": {
        "@vue/compiler-dom": "3.5.20",
        "@vue/compiler-sfc": "3.5.20",
        "@vue/runtime-dom": "3.5.20",
        "@vue/server-renderer": "3.5.20",
        "@vue/shared": "3.5.20"
      },
      "peerDependencies": {
        "typescript": "*"
      },
      "peerDependenciesMeta": {
        "typescript": {
          "optional": true
        }
      }
    },
    "node_modules/vue-leaflet": {
      "version": "0.1.0",
      "resolved": "https://registry.npmjs.org/vue-leaflet/-/vue-leaflet-0.1.0.tgz",
      "integrity": "sha512-AZyKJ0pJ7c1F3F8MfO/z5sGXYJpeMZR5xD5HPeFmf5kPLBr1wMWlW2A4WL8mELgH5m4DzXKQ3+xQFGYNBOLlQ==",
      "license": "MIT",
      "peerDependencies": {
        "leaflet": "^1.0.0",
        "vue": "^3.0.0"
      }
    },
    "node_modules/vue-router": {
      "version": "4.4.5",
      "resolved": "https://registry.npmjs.org/vue-router/-/vue-router-4.4.5.tgz",
      "integrity": "sha512-4fKZygS8cH1yCyuabAXGUAsyi1b2/o/OKgu/RUb+znIYOxPRxdkytJEx+0wGcpBE1pX6vUgh5jwWOKRGvuA/7Q==",
      "license": "MIT",
      "dependencies": {
        "@vue/devtools-api": "^6.6.4"
      },
      "funding": {
        "url": "https://github.com/sponsors/posva"
      },
      "peerDependencies": {
        "vue": "^3.2.0"
      }
    }
  }
}